<?xml version="1.0" encoding="utf-8"?>
<Project ToolsVersion="4.0" xmlns="http://schemas.microsoft.com/developer/msbuild/2003">
  <ItemGroup>
    <Filter Include="Source Files">
      <UniqueIdentifier>{b1f43fef-0d61-44f3-8726-443f9db5a9bc}</UniqueIdentifier>
      <Extensions>cpp;c;cxx;rc;def;r;odl;idl;hpj;bat</Extensions>
    </Filter>
    <Filter Include="Header Files">
      <UniqueIdentifier>{ad2f5952-5db5-454e-92de-6ad3fc31fa98}</UniqueIdentifier>
      <Extensions>h;hpp;hxx;hm;inl</Extensions>
    </Filter>
    <Filter Include="Resource Files">
      <UniqueIdentifier>{4592b417-dfd9-4aa3-822f-4592d9e16a34}</UniqueIdentifier>
      <Extensions>ico;cur;bmp;dlg;rc2;rct;bin;rgs;gif;jpg;jpeg;jpe</Extensions>
    </Filter>
  </ItemGroup>
  <ItemGroup>
    <ClCompile Include="CommThread.cpp">
      <Filter>Source Files</Filter>
    </ClCompile>
    <ClCompile Include="SerialCom.cpp">
      <Filter>Source Files</Filter>
    </ClCompile>
    <ClCompile Include="SerialComDlg.cpp">
      <Filter>Source Files</Filter>
    </ClCompile>
    <ClCompile Include="StdAfx.cpp">
      <Filter>Source Files</Filter>
    </ClCompile>
    <ClCompile Include="SettingDlg.cpp">
      <Filter>Source Files</Filter>
    </ClCompile>
    <ClCompile Include="MathProbeDlg.cpp">
      <Filter>Source Files</Filter>
    </ClCompile>
    <ClCompile Include="ColorSelectDlg.cpp">
      <Filter>Source Files</Filter>
    </ClCompile>
    <ClCompile Include="FftDlg.cpp">
      <Filter>Source Files</Filter>
    </ClCompile>
    <ClCompile Include="Game.cpp">
      <Filter>Source Files</Filter>
    </ClCompile>
    <ClCompile Include="PortListDlg.cpp">
      <Filter>Source Files</Filter>
    </ClCompile>
    <ClCompile Include="HeaderLogDlg.cpp">
      <Filter>Source Files</Filter>
    </ClCompile>
    <ClCompile Include="CHistory.cpp">
      <Filter>Source Files</Filter>
    </ClCompile>
    <ClCompile Include="CNavilog.cpp">
      <Filter>Source Files</Filter>
    </ClCompile>
    <ClCompile Include="CRefDataDlg.cpp">
      <Filter>Source Files</Filter>
    </ClCompile>
    <ClCompile Include="CControlDlg.cpp">
      <Filter>Source Files</Filter>
    </ClCompile>
    <ClCompile Include="CRecord.cpp">
      <Filter>Source Files</Filter>
    </ClCompile>
    <ClCompile Include="ColorListCtrl.cpp">
      <Filter>Source Files</Filter>
    </ClCompile>
    <ClCompile Include="ConfirmDlg.cpp">
      <Filter>Source Files</Filter>
    </ClCompile>
    <ClCompile Include="ModeCopyDlg.cpp">
      <Filter>Source Files</Filter>
    </ClCompile>
    <ClCompile Include="UserScreenDlg.cpp">
      <Filter>Source Files</Filter>
    </ClCompile>
    <ClCompile Include="GraphLog.cpp">
      <Filter>Source Files</Filter>
    </ClCompile>
    <ClCompile Include="GraphLogItem.cpp">
      <Filter>Source Files</Filter>
    </ClCompile>
    <ClCompile Include="TextLogDlg.cpp">
      <Filter>Source Files</Filter>
    </ClCompile>
    <ClCompile Include="XInputDlg.cpp">
      <Filter>Source Files</Filter>
    </ClCompile>
    <ClCompile Include="ReloadDataDlg.cpp">
      <Filter>Source Files</Filter>
    </ClCompile>
    <ClCompile Include="StatisticsDlg.cpp">
      <Filter>Source Files</Filter>
    </ClCompile>
    <ClCompile Include="LoadCtrlDlg.cpp">
      <Filter>Source Files</Filter>
    </ClCompile>
  </ItemGroup>
  <ItemGroup>
    <ResourceCompile Include="SerialCom.rc">
      <Filter>Source Files</Filter>
    </ResourceCompile>
  </ItemGroup>
  <ItemGroup>
    <ClInclude Include="CommThread.h">
      <Filter>Header Files</Filter>
    </ClInclude>
    <ClInclude Include="Resource.h">
      <Filter>Header Files</Filter>
    </ClInclude>
    <ClInclude Include="SerialCom.h">
      <Filter>Header Files</Filter>
    </ClInclude>
    <ClInclude Include="SerialComDlg.h">
      <Filter>Header Files</Filter>
    </ClInclude>
    <ClInclude Include="StdAfx.h">
      <Filter>Header Files</Filter>
    </ClInclude>
    <ClInclude Include="SettingDlg.h">
      <Filter>Header Files</Filter>
    </ClInclude>
    <ClInclude Include="UserSetting.h">
      <Filter>Header Files</Filter>
    </ClInclude>
    <ClInclude Include="MathProbeDlg.h">
      <Filter>Header Files</Filter>
    </ClInclude>
    <ClInclude Include="ColorSelectDlg.h">
      <Filter>Header Files</Filter>
    </ClInclude>
    <ClInclude Include="FftDlg.h">
      <Filter>Header Files</Filter>
    </ClInclude>
    <ClInclude Include="Game.h">
      <Filter>Header Files</Filter>
    </ClInclude>
    <ClInclude Include="PortListDlg.h">
      <Filter>Header Files</Filter>
    </ClInclude>
    <ClInclude Include="HeaderLogDlg.h">
      <Filter>Header Files</Filter>
    </ClInclude>
    <ClInclude Include="CHistory.h">
      <Filter>Header Files</Filter>
    </ClInclude>
    <ClInclude Include="CNavilog.h">
      <Filter>Header Files</Filter>
    </ClInclude>
    <ClInclude Include="CRefDataDlg.h">
      <Filter>Header Files</Filter>
    </ClInclude>
    <ClInclude Include="CControlDlg.h">
      <Filter>Header Files</Filter>
    </ClInclude>
    <ClInclude Include="CRecord.h">
      <Filter>Header Files</Filter>
    </ClInclude>
    <ClInclude Include="Colorlistctrl.h">
      <Filter>Header Files</Filter>
    </ClInclude>
    <ClInclude Include="ConfirmDlg.h">
      <Filter>Header Files</Filter>
    </ClInclude>
    <ClInclude Include="ModeCopyDlg.h">
      <Filter>Header Files</Filter>
    </ClInclude>
    <ClInclude Include="UserScreenDlg.h">
      <Filter>Header Files</Filter>
    </ClInclude>
    <ClInclude Include="GraphLog.h">
      <Filter>Header Files</Filter>
    </ClInclude>
    <ClInclude Include="GraphLogItem.h">
      <Filter>Header Files</Filter>
    </ClInclude>
    <ClInclude Include="TextLogDlg.h">
      <Filter>Header Files</Filter>
    </ClInclude>
    <ClInclude Include="GamePad.h">
      <Filter>Header Files</Filter>
    </ClInclude>
    <ClInclude Include="XInputDlg.h">
      <Filter>Header Files</Filter>
    </ClInclude>
    <ClInclude Include="ReloadDataDlg.h">
      <Filter>Header Files</Filter>
    </ClInclude>
    <ClInclude Include="StatisticsDlg.h">
      <Filter>Header Files</Filter>
    </ClInclude>
    <ClInclude Include="LoadCtrlDlg.h">
      <Filter>Header Files</Filter>
    </ClInclude>
  </ItemGroup>
  <ItemGroup>
    <CustomBuild Include="res\NetTrafficButton.ico">
      <Filter>Resource Files</Filter>
    </CustomBuild>
    <CustomBuild Include="res\SerialCom.ico">
      <Filter>Resource Files</Filter>
    </CustomBuild>
    <CustomBuild Include="res\SerialCom.rc2">
      <Filter>Resource Files</Filter>
    </CustomBuild>
    <CustomBuild Include="ReadMe.txt" />
  </ItemGroup>
  <ItemGroup>
    <Image Include="res\LG Electronics.bmp">
      <Filter>Resource Files</Filter>
    </Image>
    <Image Include="res\Monitor.ico">
      <Filter>Resource Files</Filter>
    </Image>
    <Image Include="res\bitmap2.bmp">
      <Filter>Resource Files</Filter>
    </Image>
    <Image Include="res\Tile.bmp">
      <Filter>Resource Files</Filter>
    </Image>
    <Image Include="res\bitmap3.bmp">
      <Filter>Resource Files</Filter>
    </Image>
    <Image Include="res\Tile_38.bmp">
      <Filter>Resource Files</Filter>
    </Image>
    <Image Include="res\Tile_39.bmp">
      <Filter>Resource Files</Filter>
    </Image>
    <Image Include="res\Cathle.bmp">
      <Filter>Resource Files</Filter>
    </Image>
    <Image Include="Icon.ico">
      <Filter>Resource Files</Filter>
    </Image>
    <Image Include="res\Tetris.ico">
      <Filter>Resource Files</Filter>
    </Image>
    <Image Include="res\ComboNum.bmp">
      <Filter>Resource Files</Filter>
    </Image>
    <Image Include="res\Combo.bmp">
      <Filter>Resource Files</Filter>
    </Image>
    <Image Include="res\bitmap5.bmp">
      <Filter>Resource Files</Filter>
    </Image>
  </ItemGroup>
  <ItemGroup>
    <Media Include="res\Butter.wav" />
    <Media Include="res\tetris.wav" />
    <Media Include="res\Break.wav" />
  </ItemGroup>
  <ItemGroup>
    <None Include="POINTER.cur">
      <Filter>Resource Files</Filter>
    </None>
    <None Include="res\cursor1.cur">
      <Filter>Resource Files</Filter>
    </None>
    <None Include="res\cursor2.cur">
      <Filter>Resource Files</Filter>
    </None>
    <None Include="res\cursor3.cur">
      <Filter>Resource Files</Filter>
    </None>
    <None Include="res\cursor4.cur">
      <Filter>Resource Files</Filter>
    </None>
    <None Include="res\cursor5.cur">
      <Filter>Resource Files</Filter>
    </None>
    <None Include="res\cursor6.cur">
      <Filter>Resource Files</Filter>
    </None>
    <None Include="res\cursor7.cur">
      <Filter>Resource Files</Filter>
    </None>
    <None Include="res\DataAnalyzerTool.chm" />
  </ItemGroup>
</Project>